
Microsoft Visual Studio Solution File, Format Version 12.00
# Visual Studio 15
VisualStudioVersion = 15.0.28010.2036
MinimumVisualStudioVersion = 10.0.40219.1
Project("{FAE04EC0-301F-11D3-BF4B-00C04F79EFBC}") = "Xamarin.EmguCV.Android", "Xamarin.EmguCV\Xamarin.EmguCV.Android\Xamarin.EmguCV.Android.csproj", "{F96EAD03-6D48-492C-A7F2-3816EE6ABB56}"
EndProject
Project("{FAE04EC0-301F-11D3-BF4B-00C04F79EFBC}") = "Xamarin.EmguCV.iOS", "Xamarin.EmguCV\Xamarin.EmguCV.iOS\Xamarin.EmguCV.iOS.csproj", "{7E397CB5-1DBC-4BA7-A541-BCDBF510D704}"
EndProject
Project("{FAE04EC0-301F-11D3-BF4B-00C04F79EFBC}") = "Xamarin.EmguCV.UWP", "Xamarin.EmguCV\Xamarin.EmguCV.UWP\Xamarin.EmguCV.UWP.csproj", "{8CEE779E-7250-4927-9A84-88FA2EC71AC4}"
EndProject
Project("{9A19103F-16F7-4668-BE54-9A1E7A4F7556}") = "Xamarin.EmguCV", "Xamarin.EmguCV\Xamarin.EmguCV\Xamarin.EmguCV.csproj", "{619009B7-170D-404C-8361-B5FDE647FFCC}"
EndProject
Project("{FAE04EC0-301F-11D3-BF4B-00C04F79EFBC}") = "Xamarin.EmguCV.Wpf", "Xamarin.EmguCV\Xamarin.EmguCV.Wpf\Xamarin.EmguCV.Wpf.csproj", "{3CA34445-12A6-4992-9B9B-C6A1C92E4AB3}"
EndProject
Project("{2150E333-8FDC-42A3-9474-1A3956D46DE8}") = "Solution Items", "Solution Items", "{151805F5-BF9B-4B6D-8E5E-0C339A40FAAD}"
	ProjectSection(SolutionItems) = preProject
		.editorconfig = .editorconfig
	EndProjectSection
EndProject
Global
	GlobalSection(SolutionConfigurationPlatforms) = preSolution
		Ad-Hoc|Any CPU = Ad-Hoc|Any CPU
		Ad-Hoc|ARM = Ad-Hoc|ARM
		Ad-Hoc|iPhone = Ad-Hoc|iPhone
		Ad-Hoc|iPhoneSimulator = Ad-Hoc|iPhoneSimulator
		Ad-Hoc|x64 = Ad-Hoc|x64
		Ad-Hoc|x86 = Ad-Hoc|x86
		AppStore|Any CPU = AppStore|Any CPU
		AppStore|ARM = AppStore|ARM
		AppStore|iPhone = AppStore|iPhone
		AppStore|iPhoneSimulator = AppStore|iPhoneSimulator
		AppStore|x64 = AppStore|x64
		AppStore|x86 = AppStore|x86
		Debug|Any CPU = Debug|Any CPU
		Debug|ARM = Debug|ARM
		Debug|iPhone = Debug|iPhone
		Debug|iPhoneSimulator = Debug|iPhoneSimulator
		Debug|x64 = Debug|x64
		Debug|x86 = Debug|x86
		Release|Any CPU = Release|Any CPU
		Release|ARM = Release|ARM
		Release|iPhone = Release|iPhone
		Release|iPhoneSimulator = Release|iPhoneSimulator
		Release|x64 = Release|x64
		Release|x86 = Release|x86
	EndGlobalSection
	GlobalSection(ProjectConfigurationPlatforms) = postSolution
		{F96EAD03-6D48-492C-A7F2-3816EE6ABB56}.Ad-Hoc|Any CPU.ActiveCfg = Release|Any CPU
		{F96EAD03-6D48-492C-A7F2-3816EE6ABB56}.Ad-Hoc|Any CPU.Build.0 = Release|Any CPU
		{F96EAD03-6D48-492C-A7F2-3816EE6ABB56}.Ad-Hoc|Any CPU.Deploy.0 = Release|Any CPU
		{F96EAD03-6D48-492C-A7F2-3816EE6ABB56}.Ad-Hoc|ARM.ActiveCfg = Release|Any CPU
		{F96EAD03-6D48-492C-A7F2-3816EE6ABB56}.Ad-Hoc|ARM.Build.0 = Release|Any CPU
		{F96EAD03-6D48-492C-A7F2-3816EE6ABB56}.Ad-Hoc|ARM.Deploy.0 = Release|Any CPU
		{F96EAD03-6D48-492C-A7F2-3816EE6ABB56}.Ad-Hoc|iPhone.ActiveCfg = Release|Any CPU
		{F96EAD03-6D48-492C-A7F2-3816EE6ABB56}.Ad-Hoc|iPhone.Build.0 = Release|Any CPU
		{F96EAD03-6D48-492C-A7F2-3816EE6ABB56}.Ad-Hoc|iPhone.Deploy.0 = Release|Any CPU
		{F96EAD03-6D48-492C-A7F2-3816EE6ABB56}.Ad-Hoc|iPhoneSimulator.ActiveCfg = Release|Any CPU
		{F96EAD03-6D48-492C-A7F2-3816EE6ABB56}.Ad-Hoc|iPhoneSimulator.Build.0 = Release|Any CPU
		{F96EAD03-6D48-492C-A7F2-3816EE6ABB56}.Ad-Hoc|iPhoneSimulator.Deploy.0 = Release|Any CPU
		{F96EAD03-6D48-492C-A7F2-3816EE6ABB56}.Ad-Hoc|x64.ActiveCfg = Release|Any CPU
		{F96EAD03-6D48-492C-A7F2-3816EE6ABB56}.Ad-Hoc|x64.Build.0 = Release|Any CPU
		{F96EAD03-6D48-492C-A7F2-3816EE6ABB56}.Ad-Hoc|x64.Deploy.0 = Release|Any CPU
		{F96EAD03-6D48-492C-A7F2-3816EE6ABB56}.Ad-Hoc|x86.ActiveCfg = Release|Any CPU
		{F96EAD03-6D48-492C-A7F2-3816EE6ABB56}.Ad-Hoc|x86.Build.0 = Release|Any CPU
		{F96EAD03-6D48-492C-A7F2-3816EE6ABB56}.Ad-Hoc|x86.Deploy.0 = Release|Any CPU
		{F96EAD03-6D48-492C-A7F2-3816EE6ABB56}.AppStore|Any CPU.ActiveCfg = Release|Any CPU
		{F96EAD03-6D48-492C-A7F2-3816EE6ABB56}.AppStore|Any CPU.Build.0 = Release|Any CPU
		{F96EAD03-6D48-492C-A7F2-3816EE6ABB56}.AppStore|Any CPU.Deploy.0 = Release|Any CPU
		{F96EAD03-6D48-492C-A7F2-3816EE6ABB56}.AppStore|ARM.ActiveCfg = Release|Any CPU
		{F96EAD03-6D48-492C-A7F2-3816EE6ABB56}.AppStore|ARM.Build.0 = Release|Any CPU
		{F96EAD03-6D48-492C-A7F2-3816EE6ABB56}.AppStore|ARM.Deploy.0 = Release|Any CPU
		{F96EAD03-6D48-492C-A7F2-3816EE6ABB56}.AppStore|iPhone.ActiveCfg = Release|Any CPU
		{F96EAD03-6D48-492C-A7F2-3816EE6ABB56}.AppStore|iPhone.Build.0 = Release|Any CPU
		{F96EAD03-6D48-492C-A7F2-3816EE6ABB56}.AppStore|iPhone.Deploy.0 = Release|Any CPU
		{F96EAD03-6D48-492C-A7F2-3816EE6ABB56}.AppStore|iPhoneSimulator.ActiveCfg = Release|Any CPU
		{F96EAD03-6D48-492C-A7F2-3816EE6ABB56}.AppStore|iPhoneSimulator.Build.0 = Release|Any CPU
		{F96EAD03-6D48-492C-A7F2-3816EE6ABB56}.AppStore|iPhoneSimulator.Deploy.0 = Release|Any CPU
		{F96EAD03-6D48-492C-A7F2-3816EE6ABB56}.AppStore|x64.ActiveCfg = Release|Any CPU
		{F96EAD03-6D48-492C-A7F2-3816EE6ABB56}.AppStore|x64.Build.0 = Release|Any CPU
		{F96EAD03-6D48-492C-A7F2-3816EE6ABB56}.AppStore|x64.Deploy.0 = Release|Any CPU
		{F96EAD03-6D48-492C-A7F2-3816EE6ABB56}.AppStore|x86.ActiveCfg = Release|Any CPU
		{F96EAD03-6D48-492C-A7F2-3816EE6ABB56}.AppStore|x86.Build.0 = Release|Any CPU
		{F96EAD03-6D48-492C-A7F2-3816EE6ABB56}.AppStore|x86.Deploy.0 = Release|Any CPU
		{F96EAD03-6D48-492C-A7F2-3816EE6ABB56}.Debug|Any CPU.ActiveCfg = Debug|Any CPU
		{F96EAD03-6D48-492C-A7F2-3816EE6ABB56}.Debug|Any CPU.Build.0 = Debug|Any CPU
		{F96EAD03-6D48-492C-A7F2-3816EE6ABB56}.Debug|Any CPU.Deploy.0 = Debug|Any CPU
		{F96EAD03-6D48-492C-A7F2-3816EE6ABB56}.Debug|ARM.ActiveCfg = Debug|Any CPU
		{F96EAD03-6D48-492C-A7F2-3816EE6ABB56}.Debug|ARM.Build.0 = Debug|Any CPU
		{F96EAD03-6D48-492C-A7F2-3816EE6ABB56}.Debug|ARM.Deploy.0 = Debug|Any CPU
		{F96EAD03-6D48-492C-A7F2-3816EE6ABB56}.Debug|iPhone.ActiveCfg = Debug|Any CPU
		{F96EAD03-6D48-492C-A7F2-3816EE6ABB56}.Debug|iPhone.Build.0 = Debug|Any CPU
		{F96EAD03-6D48-492C-A7F2-3816EE6ABB56}.Debug|iPhone.Deploy.0 = Debug|Any CPU
		{F96EAD03-6D48-492C-A7F2-3816EE6ABB56}.Debug|iPhoneSimulator.ActiveCfg = Debug|Any CPU
		{F96EAD03-6D48-492C-A7F2-3816EE6ABB56}.Debug|iPhoneSimulator.Build.0 = Debug|Any CPU
		{F96EAD03-6D48-492C-A7F2-3816EE6ABB56}.Debug|iPhoneSimulator.Deploy.0 = Debug|Any CPU
		{F96EAD03-6D48-492C-A7F2-3816EE6ABB56}.Debug|x64.ActiveCfg = Debug|Any CPU
		{F96EAD03-6D48-492C-A7F2-3816EE6ABB56}.Debug|x64.Build.0 = Debug|Any CPU
		{F96EAD03-6D48-492C-A7F2-3816EE6ABB56}.Debug|x64.Deploy.0 = Debug|Any CPU
		{F96EAD03-6D48-492C-A7F2-3816EE6ABB56}.Debug|x86.ActiveCfg = Debug|Any CPU
		{F96EAD03-6D48-492C-A7F2-3816EE6ABB56}.Debug|x86.Build.0 = Debug|Any CPU
		{F96EAD03-6D48-492C-A7F2-3816EE6ABB56}.Debug|x86.Deploy.0 = Debug|Any CPU
		{F96EAD03-6D48-492C-A7F2-3816EE6ABB56}.Release|Any CPU.ActiveCfg = Release|Any CPU
		{F96EAD03-6D48-492C-A7F2-3816EE6ABB56}.Release|Any CPU.Build.0 = Release|Any CPU
		{F96EAD03-6D48-492C-A7F2-3816EE6ABB56}.Release|Any CPU.Deploy.0 = Release|Any CPU
		{F96EAD03-6D48-492C-A7F2-3816EE6ABB56}.Release|ARM.ActiveCfg = Release|Any CPU
		{F96EAD03-6D48-492C-A7F2-3816EE6ABB56}.Release|ARM.Build.0 = Release|Any CPU
		{F96EAD03-6D48-492C-A7F2-3816EE6ABB56}.Release|ARM.Deploy.0 = Release|Any CPU
		{F96EAD03-6D48-492C-A7F2-3816EE6ABB56}.Release|iPhone.ActiveCfg = Release|Any CPU
		{F96EAD03-6D48-492C-A7F2-3816EE6ABB56}.Release|iPhone.Build.0 = Release|Any CPU
		{F96EAD03-6D48-492C-A7F2-3816EE6ABB56}.Release|iPhone.Deploy.0 = Release|Any CPU
		{F96EAD03-6D48-492C-A7F2-3816EE6ABB56}.Release|iPhoneSimulator.ActiveCfg = Release|Any CPU
		{F96EAD03-6D48-492C-A7F2-3816EE6ABB56}.Release|iPhoneSimulator.Build.0 = Release|Any CPU
		{F96EAD03-6D48-492C-A7F2-3816EE6ABB56}.Release|iPhoneSimulator.Deploy.0 = Release|Any CPU
		{F96EAD03-6D48-492C-A7F2-3816EE6ABB56}.Release|x64.ActiveCfg = Release|Any CPU
		{F96EAD03-6D48-492C-A7F2-3816EE6ABB56}.Release|x64.Build.0 = Release|Any CPU
		{F96EAD03-6D48-492C-A7F2-3816EE6ABB56}.Release|x64.Deploy.0 = Release|Any CPU
		{F96EAD03-6D48-492C-A7F2-3816EE6ABB56}.Release|x86.ActiveCfg = Release|Any CPU
		{F96EAD03-6D48-492C-A7F2-3816EE6ABB56}.Release|x86.Build.0 = Release|Any CPU
		{F96EAD03-6D48-492C-A7F2-3816EE6ABB56}.Release|x86.Deploy.0 = Release|Any CPU
		{7E397CB5-1DBC-4BA7-A541-BCDBF510D704}.Ad-Hoc|Any CPU.ActiveCfg = Ad-Hoc|iPhone
		{7E397CB5-1DBC-4BA7-A541-BCDBF510D704}.Ad-Hoc|Any CPU.Build.0 = Ad-Hoc|iPhone
		{7E397CB5-1DBC-4BA7-A541-BCDBF510D704}.Ad-Hoc|Any CPU.Deploy.0 = Ad-Hoc|iPhone
		{7E397CB5-1DBC-4BA7-A541-BCDBF510D704}.Ad-Hoc|ARM.ActiveCfg = Ad-Hoc|iPhone
		{7E397CB5-1DBC-4BA7-A541-BCDBF510D704}.Ad-Hoc|ARM.Build.0 = Ad-Hoc|iPhone
		{7E397CB5-1DBC-4BA7-A541-BCDBF510D704}.Ad-Hoc|ARM.Deploy.0 = Ad-Hoc|iPhone
		{7E397CB5-1DBC-4BA7-A541-BCDBF510D704}.Ad-Hoc|iPhone.ActiveCfg = Ad-Hoc|iPhone
		{7E397CB5-1DBC-4BA7-A541-BCDBF510D704}.Ad-Hoc|iPhone.Build.0 = Ad-Hoc|iPhone
		{7E397CB5-1DBC-4BA7-A541-BCDBF510D704}.Ad-Hoc|iPhone.Deploy.0 = Ad-Hoc|iPhone
		{7E397CB5-1DBC-4BA7-A541-BCDBF510D704}.Ad-Hoc|iPhoneSimulator.ActiveCfg = Ad-Hoc|iPhoneSimulator
		{7E397CB5-1DBC-4BA7-A541-BCDBF510D704}.Ad-Hoc|iPhoneSimulator.Build.0 = Ad-Hoc|iPhoneSimulator
		{7E397CB5-1DBC-4BA7-A541-BCDBF510D704}.Ad-Hoc|iPhoneSimulator.Deploy.0 = Ad-Hoc|iPhoneSimulator
		{7E397CB5-1DBC-4BA7-A541-BCDBF510D704}.Ad-Hoc|x64.ActiveCfg = Ad-Hoc|iPhone
		{7E397CB5-1DBC-4BA7-A541-BCDBF510D704}.Ad-Hoc|x64.Build.0 = Ad-Hoc|iPhone
		{7E397CB5-1DBC-4BA7-A541-BCDBF510D704}.Ad-Hoc|x64.Deploy.0 = Ad-Hoc|iPhone
		{7E397CB5-1DBC-4BA7-A541-BCDBF510D704}.Ad-Hoc|x86.ActiveCfg = Ad-Hoc|iPhone
		{7E397CB5-1DBC-4BA7-A541-BCDBF510D704}.Ad-Hoc|x86.Build.0 = Ad-Hoc|iPhone
		{7E397CB5-1DBC-4BA7-A541-BCDBF510D704}.Ad-Hoc|x86.Deploy.0 = Ad-Hoc|iPhone
		{7E397CB5-1DBC-4BA7-A541-BCDBF510D704}.AppStore|Any CPU.ActiveCfg = AppStore|iPhone
		{7E397CB5-1DBC-4BA7-A541-BCDBF510D704}.AppStore|Any CPU.Build.0 = AppStore|iPhone
		{7E397CB5-1DBC-4BA7-A541-BCDBF510D704}.AppStore|Any CPU.Deploy.0 = AppStore|iPhone
		{7E397CB5-1DBC-4BA7-A541-BCDBF510D704}.AppStore|ARM.ActiveCfg = AppStore|iPhone
		{7E397CB5-1DBC-4BA7-A541-BCDBF510D704}.AppStore|ARM.Build.0 = AppStore|iPhone
		{7E397CB5-1DBC-4BA7-A541-BCDBF510D704}.AppStore|ARM.Deploy.0 = AppStore|iPhone
		{7E397CB5-1DBC-4BA7-A541-BCDBF510D704}.AppStore|iPhone.ActiveCfg = AppStore|iPhone
		{7E397CB5-1DBC-4BA7-A541-BCDBF510D704}.AppStore|iPhone.Build.0 = AppStore|iPhone
		{7E397CB5-1DBC-4BA7-A541-BCDBF510D704}.AppStore|iPhone.Deploy.0 = AppStore|iPhone
		{7E397CB5-1DBC-4BA7-A541-BCDBF510D704}.AppStore|iPhoneSimulator.ActiveCfg = AppStore|iPhoneSimulator
		{7E397CB5-1DBC-4BA7-A541-BCDBF510D704}.AppStore|iPhoneSimulator.Build.0 = AppStore|iPhoneSimulator
		{7E397CB5-1DBC-4BA7-A541-BCDBF510D704}.AppStore|iPhoneSimulator.Deploy.0 = AppStore|iPhoneSimulator
		{7E397CB5-1DBC-4BA7-A541-BCDBF510D704}.AppStore|x64.ActiveCfg = AppStore|iPhone
		{7E397CB5-1DBC-4BA7-A541-BCDBF510D704}.AppStore|x64.Build.0 = AppStore|iPhone
		{7E397CB5-1DBC-4BA7-A541-BCDBF510D704}.AppStore|x64.Deploy.0 = AppStore|iPhone
		{7E397CB5-1DBC-4BA7-A541-BCDBF510D704}.AppStore|x86.ActiveCfg = AppStore|iPhone
		{7E397CB5-1DBC-4BA7-A541-BCDBF510D704}.AppStore|x86.Build.0 = AppStore|iPhone
		{7E397CB5-1DBC-4BA7-A541-BCDBF510D704}.AppStore|x86.Deploy.0 = AppStore|iPhone
		{7E397CB5-1DBC-4BA7-A541-BCDBF510D704}.Debug|Any CPU.ActiveCfg = Debug|iPhoneSimulator
		{7E397CB5-1DBC-4BA7-A541-BCDBF510D704}.Debug|Any CPU.Build.0 = Debug|iPhoneSimulator
		{7E397CB5-1DBC-4BA7-A541-BCDBF510D704}.Debug|Any CPU.Deploy.0 = Debug|iPhoneSimulator
		{7E397CB5-1DBC-4BA7-A541-BCDBF510D704}.Debug|ARM.ActiveCfg = Debug|iPhone
		{7E397CB5-1DBC-4BA7-A541-BCDBF510D704}.Debug|ARM.Build.0 = Debug|iPhone
		{7E397CB5-1DBC-4BA7-A541-BCDBF510D704}.Debug|ARM.Deploy.0 = Debug|iPhone
		{7E397CB5-1DBC-4BA7-A541-BCDBF510D704}.Debug|iPhone.ActiveCfg = Debug|iPhone
		{7E397CB5-1DBC-4BA7-A541-BCDBF510D704}.Debug|iPhone.Build.0 = Debug|iPhone
		{7E397CB5-1DBC-4BA7-A541-BCDBF510D704}.Debug|iPhone.Deploy.0 = Debug|iPhone
		{7E397CB5-1DBC-4BA7-A541-BCDBF510D704}.Debug|iPhoneSimulator.ActiveCfg = Debug|iPhoneSimulator
		{7E397CB5-1DBC-4BA7-A541-BCDBF510D704}.Debug|iPhoneSimulator.Build.0 = Debug|iPhoneSimulator
		{7E397CB5-1DBC-4BA7-A541-BCDBF510D704}.Debug|iPhoneSimulator.Deploy.0 = Debug|iPhoneSimulator
		{7E397CB5-1DBC-4BA7-A541-BCDBF510D704}.Debug|x64.ActiveCfg = Debug|iPhone
		{7E397CB5-1DBC-4BA7-A541-BCDBF510D704}.Debug|x64.Build.0 = Debug|iPhone
		{7E397CB5-1DBC-4BA7-A541-BCDBF510D704}.Debug|x64.Deploy.0 = Debug|iPhone
		{7E397CB5-1DBC-4BA7-A541-BCDBF510D704}.Debug|x86.ActiveCfg = Debug|iPhone
		{7E397CB5-1DBC-4BA7-A541-BCDBF510D704}.Debug|x86.Build.0 = Debug|iPhone
		{7E397CB5-1DBC-4BA7-A541-BCDBF510D704}.Debug|x86.Deploy.0 = Debug|iPhone
		{7E397CB5-1DBC-4BA7-A541-BCDBF510D704}.Release|Any CPU.ActiveCfg = Release|iPhone
		{7E397CB5-1DBC-4BA7-A541-BCDBF510D704}.Release|Any CPU.Build.0 = Release|iPhone
		{7E397CB5-1DBC-4BA7-A541-BCDBF510D704}.Release|Any CPU.Deploy.0 = Release|iPhone
		{7E397CB5-1DBC-4BA7-A541-BCDBF510D704}.Release|ARM.ActiveCfg = Release|iPhone
		{7E397CB5-1DBC-4BA7-A541-BCDBF510D704}.Release|ARM.Build.0 = Release|iPhone
		{7E397CB5-1DBC-4BA7-A541-BCDBF510D704}.Release|ARM.Deploy.0 = Release|iPhone
		{7E397CB5-1DBC-4BA7-A541-BCDBF510D704}.Release|iPhone.ActiveCfg = Release|iPhone
		{7E397CB5-1DBC-4BA7-A541-BCDBF510D704}.Release|iPhone.Build.0 = Release|iPhone
		{7E397CB5-1DBC-4BA7-A541-BCDBF510D704}.Release|iPhone.Deploy.0 = Release|iPhone
		{7E397CB5-1DBC-4BA7-A541-BCDBF510D704}.Release|iPhoneSimulator.ActiveCfg = Release|iPhoneSimulator
		{7E397CB5-1DBC-4BA7-A541-BCDBF510D704}.Release|iPhoneSimulator.Build.0 = Release|iPhoneSimulator
		{7E397CB5-1DBC-4BA7-A541-BCDBF510D704}.Release|iPhoneSimulator.Deploy.0 = Release|iPhoneSimulator
		{7E397CB5-1DBC-4BA7-A541-BCDBF510D704}.Release|x64.ActiveCfg = Release|iPhone
		{7E397CB5-1DBC-4BA7-A541-BCDBF510D704}.Release|x64.Build.0 = Release|iPhone
		{7E397CB5-1DBC-4BA7-A541-BCDBF510D704}.Release|x64.Deploy.0 = Release|iPhone
		{7E397CB5-1DBC-4BA7-A541-BCDBF510D704}.Release|x86.ActiveCfg = Release|iPhone
		{7E397CB5-1DBC-4BA7-A541-BCDBF510D704}.Release|x86.Build.0 = Release|iPhone
		{7E397CB5-1DBC-4BA7-A541-BCDBF510D704}.Release|x86.Deploy.0 = Release|iPhone
		{8CEE779E-7250-4927-9A84-88FA2EC71AC4}.Ad-Hoc|Any CPU.ActiveCfg = Release|x86
		{8CEE779E-7250-4927-9A84-88FA2EC71AC4}.Ad-Hoc|Any CPU.Build.0 = Release|x86
		{8CEE779E-7250-4927-9A84-88FA2EC71AC4}.Ad-Hoc|Any CPU.Deploy.0 = Release|x86
		{8CEE779E-7250-4927-9A84-88FA2EC71AC4}.Ad-Hoc|ARM.ActiveCfg = Release|ARM
		{8CEE779E-7250-4927-9A84-88FA2EC71AC4}.Ad-Hoc|ARM.Build.0 = Release|ARM
		{8CEE779E-7250-4927-9A84-88FA2EC71AC4}.Ad-Hoc|ARM.Deploy.0 = Release|ARM
		{8CEE779E-7250-4927-9A84-88FA2EC71AC4}.Ad-Hoc|iPhone.ActiveCfg = Release|x86
		{8CEE779E-7250-4927-9A84-88FA2EC71AC4}.Ad-Hoc|iPhone.Build.0 = Release|x86
		{8CEE779E-7250-4927-9A84-88FA2EC71AC4}.Ad-Hoc|iPhone.Deploy.0 = Release|x86
		{8CEE779E-7250-4927-9A84-88FA2EC71AC4}.Ad-Hoc|iPhoneSimulator.ActiveCfg = Release|x86
		{8CEE779E-7250-4927-9A84-88FA2EC71AC4}.Ad-Hoc|iPhoneSimulator.Build.0 = Release|x86
		{8CEE779E-7250-4927-9A84-88FA2EC71AC4}.Ad-Hoc|iPhoneSimulator.Deploy.0 = Release|x86
		{8CEE779E-7250-4927-9A84-88FA2EC71AC4}.Ad-Hoc|x64.ActiveCfg = Release|x64
		{8CEE779E-7250-4927-9A84-88FA2EC71AC4}.Ad-Hoc|x64.Build.0 = Release|x64
		{8CEE779E-7250-4927-9A84-88FA2EC71AC4}.Ad-Hoc|x64.Deploy.0 = Release|x64
		{8CEE779E-7250-4927-9A84-88FA2EC71AC4}.Ad-Hoc|x86.ActiveCfg = Release|x86
		{8CEE779E-7250-4927-9A84-88FA2EC71AC4}.Ad-Hoc|x86.Build.0 = Release|x86
		{8CEE779E-7250-4927-9A84-88FA2EC71AC4}.Ad-Hoc|x86.Deploy.0 = Release|x86
		{8CEE779E-7250-4927-9A84-88FA2EC71AC4}.AppStore|Any CPU.ActiveCfg = Release|x86
		{8CEE779E-7250-4927-9A84-88FA2EC71AC4}.AppStore|Any CPU.Build.0 = Release|x86
		{8CEE779E-7250-4927-9A84-88FA2EC71AC4}.AppStore|Any CPU.Deploy.0 = Release|x86
		{8CEE779E-7250-4927-9A84-88FA2EC71AC4}.AppStore|ARM.ActiveCfg = Release|ARM
		{8CEE779E-7250-4927-9A84-88FA2EC71AC4}.AppStore|ARM.Build.0 = Release|ARM
		{8CEE779E-7250-4927-9A84-88FA2EC71AC4}.AppStore|ARM.Deploy.0 = Release|ARM
		{8CEE779E-7250-4927-9A84-88FA2EC71AC4}.AppStore|iPhone.ActiveCfg = Release|x86
		{8CEE779E-7250-4927-9A84-88FA2EC71AC4}.AppStore|iPhone.Build.0 = Release|x86
		{8CEE779E-7250-4927-9A84-88FA2EC71AC4}.AppStore|iPhone.Deploy.0 = Release|x86
		{8CEE779E-7250-4927-9A84-88FA2EC71AC4}.AppStore|iPhoneSimulator.ActiveCfg = Release|x86
		{8CEE779E-7250-4927-9A84-88FA2EC71AC4}.AppStore|iPhoneSimulator.Build.0 = Release|x86
		{8CEE779E-7250-4927-9A84-88FA2EC71AC4}.AppStore|iPhoneSimulator.Deploy.0 = Release|x86
		{8CEE779E-7250-4927-9A84-88FA2EC71AC4}.AppStore|x64.ActiveCfg = Release|x64
		{8CEE779E-7250-4927-9A84-88FA2EC71AC4}.AppStore|x64.Build.0 = Release|x64
		{8CEE779E-7250-4927-9A84-88FA2EC71AC4}.AppStore|x64.Deploy.0 = Release|x64
		{8CEE779E-7250-4927-9A84-88FA2EC71AC4}.AppStore|x86.ActiveCfg = Release|x86
		{8CEE779E-7250-4927-9A84-88FA2EC71AC4}.AppStore|x86.Build.0 = Release|x86
		{8CEE779E-7250-4927-9A84-88FA2EC71AC4}.AppStore|x86.Deploy.0 = Release|x86
		{8CEE779E-7250-4927-9A84-88FA2EC71AC4}.Debug|Any CPU.ActiveCfg = Debug|x86
		{8CEE779E-7250-4927-9A84-88FA2EC71AC4}.Debug|Any CPU.Build.0 = Debug|x86
		{8CEE779E-7250-4927-9A84-88FA2EC71AC4}.Debug|Any CPU.Deploy.0 = Debug|x86
		{8CEE779E-7250-4927-9A84-88FA2EC71AC4}.Debug|ARM.ActiveCfg = Debug|ARM
		{8CEE779E-7250-4927-9A84-88FA2EC71AC4}.Debug|ARM.Build.0 = Debug|ARM
		{8CEE779E-7250-4927-9A84-88FA2EC71AC4}.Debug|ARM.Deploy.0 = Debug|ARM
		{8CEE779E-7250-4927-9A84-88FA2EC71AC4}.Debug|iPhone.ActiveCfg = Debug|x86
		{8CEE779E-7250-4927-9A84-88FA2EC71AC4}.Debug|iPhone.Build.0 = Debug|x86
		{8CEE779E-7250-4927-9A84-88FA2EC71AC4}.Debug|iPhone.Deploy.0 = Debug|x86
		{8CEE779E-7250-4927-9A84-88FA2EC71AC4}.Debug|iPhoneSimulator.ActiveCfg = Debug|x86
		{8CEE779E-7250-4927-9A84-88FA2EC71AC4}.Debug|iPhoneSimulator.Build.0 = Debug|x86
		{8CEE779E-7250-4927-9A84-88FA2EC71AC4}.Debug|iPhoneSimulator.Deploy.0 = Debug|x86
		{8CEE779E-7250-4927-9A84-88FA2EC71AC4}.Debug|x64.ActiveCfg = Debug|x64
		{8CEE779E-7250-4927-9A84-88FA2EC71AC4}.Debug|x64.Build.0 = Debug|x64
		{8CEE779E-7250-4927-9A84-88FA2EC71AC4}.Debug|x64.Deploy.0 = Debug|x64
		{8CEE779E-7250-4927-9A84-88FA2EC71AC4}.Debug|x86.ActiveCfg = Debug|x86
		{8CEE779E-7250-4927-9A84-88FA2EC71AC4}.Debug|x86.Build.0 = Debug|x86
		{8CEE779E-7250-4927-9A84-88FA2EC71AC4}.Debug|x86.Deploy.0 = Debug|x86
		{8CEE779E-7250-4927-9A84-88FA2EC71AC4}.Release|Any CPU.ActiveCfg = Release|x86
		{8CEE779E-7250-4927-9A84-88FA2EC71AC4}.Release|Any CPU.Build.0 = Release|x86
		{8CEE779E-7250-4927-9A84-88FA2EC71AC4}.Release|Any CPU.Deploy.0 = Release|x86
		{8CEE779E-7250-4927-9A84-88FA2EC71AC4}.Release|ARM.ActiveCfg = Release|ARM
		{8CEE779E-7250-4927-9A84-88FA2EC71AC4}.Release|ARM.Build.0 = Release|ARM
		{8CEE779E-7250-4927-9A84-88FA2EC71AC4}.Release|ARM.Deploy.0 = Release|ARM
		{8CEE779E-7250-4927-9A84-88FA2EC71AC4}.Release|iPhone.ActiveCfg = Release|x86
		{8CEE779E-7250-4927-9A84-88FA2EC71AC4}.Release|iPhone.Build.0 = Release|x86
		{8CEE779E-7250-4927-9A84-88FA2EC71AC4}.Release|iPhone.Deploy.0 = Release|x86
		{8CEE779E-7250-4927-9A84-88FA2EC71AC4}.Release|iPhoneSimulator.ActiveCfg = Release|x86
		{8CEE779E-7250-4927-9A84-88FA2EC71AC4}.Release|iPhoneSimulator.Build.0 = Release|x86
		{8CEE779E-7250-4927-9A84-88FA2EC71AC4}.Release|iPhoneSimulator.Deploy.0 = Release|x86
		{8CEE779E-7250-4927-9A84-88FA2EC71AC4}.Release|x64.ActiveCfg = Release|x64
		{8CEE779E-7250-4927-9A84-88FA2EC71AC4}.Release|x64.Build.0 = Release|x64
		{8CEE779E-7250-4927-9A84-88FA2EC71AC4}.Release|x64.Deploy.0 = Release|x64
		{8CEE779E-7250-4927-9A84-88FA2EC71AC4}.Release|x86.ActiveCfg = Release|x86
		{8CEE779E-7250-4927-9A84-88FA2EC71AC4}.Release|x86.Build.0 = Release|x86
		{8CEE779E-7250-4927-9A84-88FA2EC71AC4}.Release|x86.Deploy.0 = Release|x86
		{619009B7-170D-404C-8361-B5FDE647FFCC}.Ad-Hoc|Any CPU.ActiveCfg = Debug|Any CPU
		{619009B7-170D-404C-8361-B5FDE647FFCC}.Ad-Hoc|Any CPU.Build.0 = Debug|Any CPU
		{619009B7-170D-404C-8361-B5FDE647FFCC}.Ad-Hoc|Any CPU.Deploy.0 = Debug|Any CPU
		{619009B7-170D-404C-8361-B5FDE647FFCC}.Ad-Hoc|ARM.ActiveCfg = Debug|Any CPU
		{619009B7-170D-404C-8361-B5FDE647FFCC}.Ad-Hoc|ARM.Build.0 = Debug|Any CPU
		{619009B7-170D-404C-8361-B5FDE647FFCC}.Ad-Hoc|ARM.Deploy.0 = Debug|Any CPU
		{619009B7-170D-404C-8361-B5FDE647FFCC}.Ad-Hoc|iPhone.ActiveCfg = Debug|Any CPU
		{619009B7-170D-404C-8361-B5FDE647FFCC}.Ad-Hoc|iPhone.Build.0 = Debug|Any CPU
		{619009B7-170D-404C-8361-B5FDE647FFCC}.Ad-Hoc|iPhone.Deploy.0 = Debug|Any CPU
		{619009B7-170D-404C-8361-B5FDE647FFCC}.Ad-Hoc|iPhoneSimulator.ActiveCfg = Debug|Any CPU
		{619009B7-170D-404C-8361-B5FDE647FFCC}.Ad-Hoc|iPhoneSimulator.Build.0 = Debug|Any CPU
		{619009B7-170D-404C-8361-B5FDE647FFCC}.Ad-Hoc|iPhoneSimulator.Deploy.0 = Debug|Any CPU
		{619009B7-170D-404C-8361-B5FDE647FFCC}.Ad-Hoc|x64.ActiveCfg = Debug|Any CPU
		{619009B7-170D-404C-8361-B5FDE647FFCC}.Ad-Hoc|x64.Build.0 = Debug|Any CPU
		{619009B7-170D-404C-8361-B5FDE647FFCC}.Ad-Hoc|x64.Deploy.0 = Debug|Any CPU
		{619009B7-170D-404C-8361-B5FDE647FFCC}.Ad-Hoc|x86.ActiveCfg = Debug|Any CPU
		{619009B7-170D-404C-8361-B5FDE647FFCC}.Ad-Hoc|x86.Build.0 = Debug|Any CPU
		{619009B7-170D-404C-8361-B5FDE647FFCC}.Ad-Hoc|x86.Deploy.0 = Debug|Any CPU
		{619009B7-170D-404C-8361-B5FDE647FFCC}.AppStore|Any CPU.ActiveCfg = Debug|Any CPU
		{619009B7-170D-404C-8361-B5FDE647FFCC}.AppStore|Any CPU.Build.0 = Debug|Any CPU
		{619009B7-170D-404C-8361-B5FDE647FFCC}.AppStore|Any CPU.Deploy.0 = Debug|Any CPU
		{619009B7-170D-404C-8361-B5FDE647FFCC}.AppStore|ARM.ActiveCfg = Debug|Any CPU
		{619009B7-170D-404C-8361-B5FDE647FFCC}.AppStore|ARM.Build.0 = Debug|Any CPU
		{619009B7-170D-404C-8361-B5FDE647FFCC}.AppStore|ARM.Deploy.0 = Debug|Any CPU
		{619009B7-170D-404C-8361-B5FDE647FFCC}.AppStore|iPhone.ActiveCfg = Debug|Any CPU
		{619009B7-170D-404C-8361-B5FDE647FFCC}.AppStore|iPhone.Build.0 = Debug|Any CPU
		{619009B7-170D-404C-8361-B5FDE647FFCC}.AppStore|iPhone.Deploy.0 = Debug|Any CPU
		{619009B7-170D-404C-8361-B5FDE647FFCC}.AppStore|iPhoneSimulator.ActiveCfg = Debug|Any CPU
		{619009B7-170D-404C-8361-B5FDE647FFCC}.AppStore|iPhoneSimulator.Build.0 = Debug|Any CPU
		{619009B7-170D-404C-8361-B5FDE647FFCC}.AppStore|iPhoneSimulator.Deploy.0 = Debug|Any CPU
		{619009B7-170D-404C-8361-B5FDE647FFCC}.AppStore|x64.ActiveCfg = Debug|Any CPU
		{619009B7-170D-404C-8361-B5FDE647FFCC}.AppStore|x64.Build.0 = Debug|Any CPU
		{619009B7-170D-404C-8361-B5FDE647FFCC}.AppStore|x64.Deploy.0 = Debug|Any CPU
		{619009B7-170D-404C-8361-B5FDE647FFCC}.AppStore|x86.ActiveCfg = Debug|Any CPU
		{619009B7-170D-404C-8361-B5FDE647FFCC}.AppStore|x86.Build.0 = Debug|Any CPU
		{619009B7-170D-404C-8361-B5FDE647FFCC}.AppStore|x86.Deploy.0 = Debug|Any CPU
		{619009B7-170D-404C-8361-B5FDE647FFCC}.Debug|Any CPU.ActiveCfg = Debug|Any CPU
		{619009B7-170D-404C-8361-B5FDE647FFCC}.Debug|Any CPU.Build.0 = Debug|Any CPU
		{619009B7-170D-404C-8361-B5FDE647FFCC}.Debug|Any CPU.Deploy.0 = Debug|Any CPU
		{619009B7-170D-404C-8361-B5FDE647FFCC}.Debug|ARM.ActiveCfg = Debug|Any CPU
		{619009B7-170D-404C-8361-B5FDE647FFCC}.Debug|ARM.Build.0 = Debug|Any CPU
		{619009B7-170D-404C-8361-B5FDE647FFCC}.Debug|ARM.Deploy.0 = Debug|Any CPU
		{619009B7-170D-404C-8361-B5FDE647FFCC}.Debug|iPhone.ActiveCfg = Debug|Any CPU
		{619009B7-170D-404C-8361-B5FDE647FFCC}.Debug|iPhone.Build.0 = Debug|Any CPU
		{619009B7-170D-404C-8361-B5FDE647FFCC}.Debug|iPhone.Deploy.0 = Debug|Any CPU
		{619009B7-170D-404C-8361-B5FDE647FFCC}.Debug|iPhoneSimulator.ActiveCfg = Debug|Any CPU
		{619009B7-170D-404C-8361-B5FDE647FFCC}.Debug|iPhoneSimulator.Build.0 = Debug|Any CPU
		{619009B7-170D-404C-8361-B5FDE647FFCC}.Debug|iPhoneSimulator.Deploy.0 = Debug|Any CPU
		{619009B7-170D-404C-8361-B5FDE647FFCC}.Debug|x64.ActiveCfg = Debug|Any CPU
		{619009B7-170D-404C-8361-B5FDE647FFCC}.Debug|x64.Build.0 = Debug|Any CPU
		{619009B7-170D-404C-8361-B5FDE647FFCC}.Debug|x64.Deploy.0 = Debug|Any CPU
		{619009B7-170D-404C-8361-B5FDE647FFCC}.Debug|x86.ActiveCfg = Debug|Any CPU
		{619009B7-170D-404C-8361-B5FDE647FFCC}.Debug|x86.Build.0 = Debug|Any CPU
		{619009B7-170D-404C-8361-B5FDE647FFCC}.Debug|x86.Deploy.0 = Debug|Any CPU
		{619009B7-170D-404C-8361-B5FDE647FFCC}.Release|Any CPU.ActiveCfg = Release|Any CPU
		{619009B7-170D-404C-8361-B5FDE647FFCC}.Release|Any CPU.Build.0 = Release|Any CPU
		{619009B7-170D-404C-8361-B5FDE647FFCC}.Release|Any CPU.Deploy.0 = Release|Any CPU
		{619009B7-170D-404C-8361-B5FDE647FFCC}.Release|ARM.ActiveCfg = Release|Any CPU
		{619009B7-170D-404C-8361-B5FDE647FFCC}.Release|ARM.Build.0 = Release|Any CPU
		{619009B7-170D-404C-8361-B5FDE647FFCC}.Release|ARM.Deploy.0 = Release|Any CPU
		{619009B7-170D-404C-8361-B5FDE647FFCC}.Release|iPhone.ActiveCfg = Release|Any CPU
		{619009B7-170D-404C-8361-B5FDE647FFCC}.Release|iPhone.Build.0 = Release|Any CPU
		{619009B7-170D-404C-8361-B5FDE647FFCC}.Release|iPhone.Deploy.0 = Release|Any CPU
		{619009B7-170D-404C-8361-B5FDE647FFCC}.Release|iPhoneSimulator.ActiveCfg = Release|Any CPU
		{619009B7-170D-404C-8361-B5FDE647FFCC}.Release|iPhoneSimulator.Build.0 = Release|Any CPU
		{619009B7-170D-404C-8361-B5FDE647FFCC}.Release|iPhoneSimulator.Deploy.0 = Release|Any CPU
		{619009B7-170D-404C-8361-B5FDE647FFCC}.Release|x64.ActiveCfg = Release|Any CPU
		{619009B7-170D-404C-8361-B5FDE647FFCC}.Release|x64.Build.0 = Release|Any CPU
		{619009B7-170D-404C-8361-B5FDE647FFCC}.Release|x64.Deploy.0 = Release|Any CPU
		{619009B7-170D-404C-8361-B5FDE647FFCC}.Release|x86.ActiveCfg = Release|Any CPU
		{619009B7-170D-404C-8361-B5FDE647FFCC}.Release|x86.Build.0 = Release|Any CPU
		{619009B7-170D-404C-8361-B5FDE647FFCC}.Release|x86.Deploy.0 = Release|Any CPU
		{3CA34445-12A6-4992-9B9B-C6A1C92E4AB3}.Ad-Hoc|Any CPU.ActiveCfg = Release|Any CPU
		{3CA34445-12A6-4992-9B9B-C6A1C92E4AB3}.Ad-Hoc|Any CPU.Build.0 = Release|Any CPU
		{3CA34445-12A6-4992-9B9B-C6A1C92E4AB3}.Ad-Hoc|ARM.ActiveCfg = Release|Any CPU
		{3CA34445-12A6-4992-9B9B-C6A1C92E4AB3}.Ad-Hoc|ARM.Build.0 = Release|Any CPU
		{3CA34445-12A6-4992-9B9B-C6A1C92E4AB3}.Ad-Hoc|iPhone.ActiveCfg = Release|Any CPU
		{3CA34445-12A6-4992-9B9B-C6A1C92E4AB3}.Ad-Hoc|iPhone.Build.0 = Release|Any CPU
		{3CA34445-12A6-4992-9B9B-C6A1C92E4AB3}.Ad-Hoc|iPhoneSimulator.ActiveCfg = Release|Any CPU
		{3CA34445-12A6-4992-9B9B-C6A1C92E4AB3}.Ad-Hoc|iPhoneSimulator.Build.0 = Release|Any CPU
		{3CA34445-12A6-4992-9B9B-C6A1C92E4AB3}.Ad-Hoc|x64.ActiveCfg = Release|Any CPU
		{3CA34445-12A6-4992-9B9B-C6A1C92E4AB3}.Ad-Hoc|x64.Build.0 = Release|Any CPU
		{3CA34445-12A6-4992-9B9B-C6A1C92E4AB3}.Ad-Hoc|x86.ActiveCfg = Release|Any CPU
		{3CA34445-12A6-4992-9B9B-C6A1C92E4AB3}.Ad-Hoc|x86.Build.0 = Release|Any CPU
		{3CA34445-12A6-4992-9B9B-C6A1C92E4AB3}.AppStore|Any CPU.ActiveCfg = Release|Any CPU
		{3CA34445-12A6-4992-9B9B-C6A1C92E4AB3}.AppStore|Any CPU.Build.0 = Release|Any CPU
		{3CA34445-12A6-4992-9B9B-C6A1C92E4AB3}.AppStore|ARM.ActiveCfg = Release|Any CPU
		{3CA34445-12A6-4992-9B9B-C6A1C92E4AB3}.AppStore|ARM.Build.0 = Release|Any CPU
		{3CA34445-12A6-4992-9B9B-C6A1C92E4AB3}.AppStore|iPhone.ActiveCfg = Release|Any CPU
		{3CA34445-12A6-4992-9B9B-C6A1C92E4AB3}.AppStore|iPhone.Build.0 = Release|Any CPU
		{3CA34445-12A6-4992-9B9B-C6A1C92E4AB3}.AppStore|iPhoneSimulator.ActiveCfg = Release|Any CPU
		{3CA34445-12A6-4992-9B9B-C6A1C92E4AB3}.AppStore|iPhoneSimulator.Build.0 = Release|Any CPU
		{3CA34445-12A6-4992-9B9B-C6A1C92E4AB3}.AppStore|x64.ActiveCfg = Release|Any CPU
		{3CA34445-12A6-4992-9B9B-C6A1C92E4AB3}.AppStore|x64.Build.0 = Release|Any CPU
		{3CA34445-12A6-4992-9B9B-C6A1C92E4AB3}.AppStore|x86.ActiveCfg = Release|Any CPU
		{3CA34445-12A6-4992-9B9B-C6A1C92E4AB3}.AppStore|x86.Build.0 = Release|Any CPU
		{3CA34445-12A6-4992-9B9B-C6A1C92E4AB3}.Debug|Any CPU.ActiveCfg = Debug|Any CPU
		{3CA34445-12A6-4992-9B9B-C6A1C92E4AB3}.Debug|Any CPU.Build.0 = Debug|Any CPU
		{3CA34445-12A6-4992-9B9B-C6A1C92E4AB3}.Debug|ARM.ActiveCfg = Debug|Any CPU
		{3CA34445-12A6-4992-9B9B-C6A1C92E4AB3}.Debug|ARM.Build.0 = Debug|Any CPU
		{3CA34445-12A6-4992-9B9B-C6A1C92E4AB3}.Debug|iPhone.ActiveCfg = Debug|Any CPU
		{3CA34445-12A6-4992-9B9B-C6A1C92E4AB3}.Debug|iPhone.Build.0 = Debug|Any CPU
		{3CA34445-12A6-4992-9B9B-C6A1C92E4AB3}.Debug|iPhoneSimulator.ActiveCfg = Debug|Any CPU
		{3CA34445-12A6-4992-9B9B-C6A1C92E4AB3}.Debug|iPhoneSimulator.Build.0 = Debug|Any CPU
		{3CA34445-12A6-4992-9B9B-C6A1C92E4AB3}.Debug|x64.ActiveCfg = Debug|Any CPU
		{3CA34445-12A6-4992-9B9B-C6A1C92E4AB3}.Debug|x64.Build.0 = Debug|Any CPU
		{3CA34445-12A6-4992-9B9B-C6A1C92E4AB3}.Debug|x86.ActiveCfg = Debug|Any CPU
		{3CA34445-12A6-4992-9B9B-C6A1C92E4AB3}.Debug|x86.Build.0 = Debug|Any CPU
		{3CA34445-12A6-4992-9B9B-C6A1C92E4AB3}.Release|Any CPU.ActiveCfg = Release|Any CPU
		{3CA34445-12A6-4992-9B9B-C6A1C92E4AB3}.Release|Any CPU.Build.0 = Release|Any CPU
		{3CA34445-12A6-4992-9B9B-C6A1C92E4AB3}.Release|ARM.ActiveCfg = Release|Any CPU
		{3CA34445-12A6-4992-9B9B-C6A1C92E4AB3}.Release|ARM.Build.0 = Release|Any CPU
		{3CA34445-12A6-4992-9B9B-C6A1C92E4AB3}.Release|iPhone.ActiveCfg = Release|Any CPU
		{3CA34445-12A6-4992-9B9B-C6A1C92E4AB3}.Release|iPhone.Build.0 = Release|Any CPU
		{3CA34445-12A6-4992-9B9B-C6A1C92E4AB3}.Release|iPhoneSimulator.ActiveCfg = Release|Any CPU
		{3CA34445-12A6-4992-9B9B-C6A1C92E4AB3}.Release|iPhoneSimulator.Build.0 = Release|Any CPU
		{3CA34445-12A6-4992-9B9B-C6A1C92E4AB3}.Release|x64.ActiveCfg = Release|Any CPU
		{3CA34445-12A6-4992-9B9B-C6A1C92E4AB3}.Release|x64.Build.0 = Release|Any CPU
		{3CA34445-12A6-4992-9B9B-C6A1C92E4AB3}.Release|x86.ActiveCfg = Release|Any CPU
		{3CA34445-12A6-4992-9B9B-C6A1C92E4AB3}.Release|x86.Build.0 = Release|Any CPU
	EndGlobalSection
	GlobalSection(SolutionProperties) = preSolution
		HideSolutionNode = FALSE
	EndGlobalSection
	GlobalSection(ExtensibilityGlobals) = postSolution
		SolutionGuid = {464BF25C-909B-49A0-A98A-B126895673BB}
	EndGlobalSection
EndGlobal
